// !$*UTF8*$!
{
	archiveVersion = 1;
	classes = {
	};
	objectVersion = 77;
	objects = {

/* Begin PBXContainerItemProxy section */
		9784C6112D0D77BD00EFE3B7 /* PBXContainerItemProxy */ = {
			isa = PBXContainerItemProxy;
			containerPortal = 9784C5F82D0D77BB00EFE3B7 /* Project object */;
			proxyType = 1;
			remoteGlobalIDString = 9784C5FF2D0D77BB00EFE3B7;
			remoteInfo = iosapptest1;
		};
		9784C61B2D0D77BD00EFE3B7 /* PBXContainerItemProxy */ = {
			isa = PBXContainerItemProxy;
			containerPortal = 9784C5F82D0D77BB00EFE3B7 /* Project object */;
			proxyType = 1;
			remoteGlobalIDString = 9784C5FF2D0D77BB00EFE3B7;
			remoteInfo = iosapptest1;
		};
/* End PBXContainerItemProxy section */

/* Begin PBXFileReference section */
		9784C6002D0D77BB00EFE3B7 /* iosapptest1.app */ = {isa = PBXFileReference; explicitFileType = wrapper.application; includeInIndex = 0; path = iosapptest1.app; sourceTree = BUILT_PRODUCTS_DIR; };
		9784C6102D0D77BD00EFE3B7 /* iosapptest1Tests.xctest */ = {isa = PBXFileReference; explicitFileType = wrapper.cfbundle; includeInIndex = 0; path = iosapptest1Tests.xctest; sourceTree = BUILT_PRODUCTS_DIR; };
		9784C61A2D0D77BD00EFE3B7 /* iosapptest1UITests.xctest */ = {isa = PBXFileReference; explicitFileType = wrapper.cfbundle; includeInIndex = 0; path = iosapptest1UITests.xctest; sourceTree = BUILT_PRODUCTS_DIR; };
/* End PBXFileReference section */

/* Begin PBXFileSystemSynchronizedRootGroup section */
		9784C6022D0D77BB00EFE3B7 /* iosapptest1 */ = {
			isa = PBXFileSystemSynchronizedRootGroup;
			path = iosapptest1;
			sourceTree = "<group>";
		};
		9784C6132D0D77BD00EFE3B7 /* iosapptest1Tests */ = {
			isa = PBXFileSystemSynchronizedRootGroup;
			path = iosapptest1Tests;
			sourceTree = "<group>";
		};
		9784C61D2D0D77BD00EFE3B7 /* iosapptest1UITests */ = {
			isa = PBXFileSystemSynchronizedRootGroup;
			path = iosapptest1UITests;
			sourceTree = "<group>";
		};
/* End PBXFileSystemSynchronizedRootGroup section */

/* Begin PBXFrameworksBuildPhase section */
		9784C5FD2D0D77BB00EFE3B7 /* Frameworks */ = {
			isa = PBXFrameworksBuildPhase;
			buildActionMask = 2147483647;
			files = (
			);
			runOnlyForDeploymentPostprocessing = 0;
		};
		9784C60D2D0D77BD00EFE3B7 /* Frameworks */ = {
			isa = PBXFrameworksBuildPhase;
			buildActionMask = 2147483647;
			files = (
			);
			runOnlyForDeploymentPostprocessing = 0;
		};
		9784C6172D0D77BD00EFE3B7 /* Frameworks */ = {
			isa = PBXFrameworksBuildPhase;
			buildActionMask = 2147483647;
			files = (
			);
			runOnlyForDeploymentPostprocessing = 0;
		};
/* End PBXFrameworksBuildPhase section */

/* Begin PBXGroup section */
		9784C5F72D0D77BB00EFE3B7 = {
			isa = PBXGroup;
			children = (
				9784C6022D0D77BB00EFE3B7 /* iosapptest1 */,
				9784C6132D0D77BD00EFE3B7 /* iosapptest1Tests */,
				9784C61D2D0D77BD00EFE3B7 /* iosapptest1UITests */,
				9784C6012D0D77BB00EFE3B7 /* Products */,
			);
			sourceTree = "<group>";
		};
		9784C6012D0D77BB00EFE3B7 /* Products */ = {
			isa = PBXGroup;
			children = (
				9784C6002D0D77BB00EFE3B7 /* iosapptest1.app */,
				9784C6102D0D77BD00EFE3B7 /* iosapptest1Tests.xctest */,
				9784C61A2D0D77BD00EFE3B7 /* iosapptest1UITests.xctest */,
			);
			name = Products;
			sourceTree = "<group>";
		};
/* End PBXGroup section */

/* Begin PBXNativeTarget section */
		9784C5FF2D0D77BB00EFE3B7 /* iosapptest1 */ = {
			isa = PBXNativeTarget;
			buildConfigurationList = 9784C6242D0D77BD00EFE3B7 /* Build configuration list for PBXNativeTarget "iosapptest1" */;
			buildPhases = (
				9784C5FC2D0D77BB00EFE3B7 /* Sources */,
				9784C5FD2D0D77BB00EFE3B7 /* Frameworks */,
				9784C5FE2D0D77BB00EFE3B7 /* Resources */,
			);
			buildRules = (
			);
			dependencies = (
			);
			fileSystemSynchronizedGroups = (
				9784C6022D0D77BB00EFE3B7 /* iosapptest1 */,
			);
			name = iosapptest1;
			packageProductDependencies = (
			);
			productName = iosapptest1;
			productReference = 9784C6002D0D77BB00EFE3B7 /* iosapptest1.app */;
			productType = "com.apple.product-type.application";
		};
		9784C60F2D0D77BD00EFE3B7 /* iosapptest1Tests */ = {
			isa = PBXNativeTarget;
			buildConfigurationList = 9784C6272D0D77BD00EFE3B7 /* Build configuration list for PBXNativeTarget "iosapptest1Tests" */;
			buildPhases = (
				9784C60C2D0D77BD00EFE3B7 /* Sources */,
				9784C60D2D0D77BD00EFE3B7 /* Frameworks */,
				9784C60E2D0D77BD00EFE3B7 /* Resources */,
			);
			buildRules = (
			);
			dependencies = (
				9784C6122D0D77BD00EFE3B7 /* PBXTargetDependency */,
			);
			fileSystemSynchronizedGroups = (
				9784C6132D0D77BD00EFE3B7 /* iosapptest1Tests */,
			);
			name = iosapptest1Tests;
			packageProductDependencies = (
			);
			productName = iosapptest1Tests;
			productReference = 9784C6102D0D77BD00EFE3B7 /* iosapptest1Tests.xctest */;
			productType = "com.apple.product-type.bundle.unit-test";
		};
		9784C6192D0D77BD00EFE3B7 /* iosapptest1UITests */ = {
			isa = PBXNativeTarget;
			buildConfigurationList = 9784C62A2D0D77BD00EFE3B7 /* Build configuration list for PBXNativeTarget "iosapptest1UITests" */;
			buildPhases = (
				9784C6162D0D77BD00EFE3B7 /* Sources */,
				9784C6172D0D77BD00EFE3B7 /* Frameworks */,
				9784C6182D0D77BD00EFE3B7 /* Resources */,
			);
			buildRules = (
			);
			dependencies = (
				9784C61C2D0D77BD00EFE3B7 /* PBXTargetDependency */,
			);
			fileSystemSynchronizedGroups = (
				9784C61D2D0D77BD00EFE3B7 /* iosapptest1UITests */,
			);
			name = iosapptest1UITests;
			packageProductDependencies = (
			);
			productName = iosapptest1UITests;
			productReference = 9784C61A2D0D77BD00EFE3B7 /* iosapptest1UITests.xctest */;
			productType = "com.apple.product-type.bundle.ui-testing";
		};
/* End PBXNativeTarget section */

/* Begin PBXProject section */
		9784C5F82D0D77BB00EFE3B7 /* Project object */ = {
			isa = PBXProject;
			attributes = {
				BuildIndependentTargetsInParallel = 1;
				LastSwiftUpdateCheck = 1620;
				LastUpgradeCheck = 1620;
				TargetAttributes = {
					9784C5FF2D0D77BB00EFE3B7 = {
						CreatedOnToolsVersion = 16.2;
					};
					9784C60F2D0D77BD00EFE3B7 = {
						CreatedOnToolsVersion = 16.2;
						TestTargetID = 9784C5FF2D0D77BB00EFE3B7;
					};
					9784C6192D0D77BD00EFE3B7 = {
						CreatedOnToolsVersion = 16.2;
						TestTargetID = 9784C5FF2D0D77BB00EFE3B7;
					};
				};
			};
			buildConfigurationList = 9784C5FB2D0D77BB00EFE3B7 /* Build configuration list for PBXProject "iosapptest1" */;
			developmentRegion = en;
			hasScannedForEncodings = 0;
			knownRegions = (
				en,
				Base,
			);
			mainGroup = 9784C5F72D0D77BB00EFE3B7;
			minimizedProjectReferenceProxies = 1;
			preferredProjectObjectVersion = 77;
			productRefGroup = 9784C6012D0D77BB00EFE3B7 /* Products */;
			projectDirPath = "";
			projectRoot = "";
			targets = (
				9784C5FF2D0D77BB00EFE3B7 /* iosapptest1 */,
				9784C60F2D0D77BD00EFE3B7 /* iosapptest1Tests */,
				9784C6192D0D77BD00EFE3B7 /* iosapptest1UITests */,
			);
		};
/* End PBXProject section */

/* Begin PBXResourcesBuildPhase section */
		9784C5FE2D0D77BB00EFE3B7 /* Resources */ = {
			isa = PBXResourcesBuildPhase;
			buildActionMask = 2147483647;
			files = (
			);
			runOnlyForDeploymentPostprocessing = 0;
		};
		9784C60E2D0D77BD00EFE3B7 /* Resources */ = {
			isa = PBXResourcesBuildPhase;
			buildActionMask = 2147483647;
			files = (
			);
			runOnlyForDeploymentPostprocessing = 0;
		};
		9784C6182D0D77BD00EFE3B7 /* Resources */ = {
			isa = PBXResourcesBuildPhase;
			buildActionMask = 2147483647;
			files = (
			);
			runOnlyForDeploymentPostprocessing = 0;
		};
/* End PBXResourcesBuildPhase section */

/* Begin PBXSourcesBuildPhase section */
		9784C5FC2D0D77BB00EFE3B7 /* Sources */ = {
			isa = PBXSourcesBuildPhase;
			buildActionMask = 2147483647;
			files = (
			);
			runOnlyForDeploymentPostprocessing = 0;
		};
		9784C60C2D0D77BD00EFE3B7 /* Sources */ = {
			isa = PBXSourcesBuildPhase;
			buildActionMask = 2147483647;
			files = (
			);
			runOnlyForDeploymentPostprocessing = 0;
		};
		9784C6162D0D77BD00EFE3B7 /* Sources */ = {
			isa = PBXSourcesBuildPhase;
			buildActionMask = 2147483647;
			files = (
			);
			runOnlyForDeploymentPostprocessing = 0;
		};
/* End PBXSourcesBuildPhase section */

/* Begin PBXTargetDependency section */
		9784C6122D0D77BD00EFE3B7 /* PBXTargetDependency */ = {
			isa = PBXTargetDependency;
			target = 9784C5FF2D0D77BB00EFE3B7 /* iosapptest1 */;
			targetProxy = 9784C6112D0D77BD00EFE3B7 /* PBXContainerItemProxy */;
		};
		9784C61C2D0D77BD00EFE3B7 /* PBXTargetDependency */ = {
			isa = PBXTargetDependency;
			target = 9784C5FF2D0D77BB00EFE3B7 /* iosapptest1 */;
			targetProxy = 9784C61B2D0D77BD00EFE3B7 /* PBXContainerItemProxy */;
		};
/* End PBXTargetDependency section */

/* Begin XCBuildConfiguration section */
		9784C6222D0D77BD00EFE3B7 /* Debug */ = {
			isa = XCBuildConfiguration;
			buildSettings = {
				ALWAYS_SEARCH_USER_PATHS = NO;
				ASSETCATALOG_COMPILER_GENERATE_SWIFT_ASSET_SYMBOL_EXTENSIONS = YES;
				CLANG_ANALYZER_NONNULL = YES;
				CLANG_ANALYZER_NUMBER_OBJECT_CONVERSION = YES_AGGRESSIVE;
				CLANG_CXX_LANGUAGE_STANDARD = "gnu++20";
				CLANG_ENABLE_MODULES = YES;
				CLANG_ENABLE_OBJC_ARC = YES;
				CLANG_ENABLE_OBJC_WEAK = YES;
				CLANG_WARN_BLOCK_CAPTURE_AUTORELEASING = YES;
				CLANG_WARN_BOOL_CONVERSION = YES;
				CLANG_WARN_COMMA = YES;
				CLANG_WARN_CONSTANT_CONVERSION = YES;
				CLANG_WARN_DEPRECATED_OBJC_IMPLEMENTATIONS = YES;
				CLANG_WARN_DIRECT_OBJC_ISA_USAGE = YES_ERROR;
				CLANG_WARN_DOCUMENTATION_COMMENTS = YES;
				CLANG_WARN_EMPTY_BODY = YES;
				CLANG_WARN_ENUM_CONVERSION = YES;
				CLANG_WARN_INFINITE_RECURSION = YES;
				CLANG_WARN_INT_CONVERSION = YES;
				CLANG_WARN_NON_LITERAL_NULL_CONVERSION = YES;
				CLANG_WARN_OBJC_IMPLICIT_RETAIN_SELF = YES;
				CLANG_WARN_OBJC_LITERAL_CONVERSION = YES;
				CLANG_WARN_OBJC_ROOT_CLASS = YES_ERROR;
				CLANG_WARN_QUOTED_INCLUDE_IN_FRAMEWORK_HEADER = YES;
				CLANG_WARN_RANGE_LOOP_ANALYSIS = YES;
				CLANG_WARN_STRICT_PROTOTYPES = YES;
				CLANG_WARN_SUSPICIOUS_MOVE = YES;
				CLANG_WARN_UNGUARDED_AVAILABILITY = YES_AGGRESSIVE;
				CLANG_WARN_UNREACHABLE_CODE = YES;
				CLANG_WARN__DUPLICATE_METHOD_MATCH = YES;
				COPY_PHASE_STRIP = NO;
				DEBUG_INFORMATION_FORMAT = dwarf;
				ENABLE_STRICT_OBJC_MSGSEND = YES;
				ENABLE_TESTABILITY = YES;
				ENABLE_USER_SCRIPT_SANDBOXING = YES;
				GCC_C_LANGUAGE_STANDARD = gnu17;
				GCC_DYNAMIC_NO_PIC = NO;
				GCC_NO_COMMON_BLOCKS = YES;
				GCC_OPTIMIZATION_LEVEL = 0;
				GCC_PREPROCESSOR_DEFINITIONS = (
					"DEBUG=1",
					"$(inherited)",
				);
				GCC_WARN_64_TO_32_BIT_CONVERSION = YES;
				GCC_WARN_ABOUT_RETURN_TYPE = YES_ERROR;
				GCC_WARN_UNDECLARED_SELECTOR = YES;
				GCC_WARN_UNINITIALIZED_AUTOS = YES_AGGRESSIVE;
				GCC_WARN_UNUSED_FUNCTION = YES;
				GCC_WARN_UNUSED_VARIABLE = YES;
				IPHONEOS_DEPLOYMENT_TARGET = 18.2;
				LOCALIZATION_PREFERS_STRING_CATALOGS = YES;
				MTL_ENABLE_DEBUG_INFO = INCLUDE_SOURCE;
				MTL_FAST_MATH = YES;
				ONLY_ACTIVE_ARCH = YES;
				SDKROOT = iphoneos;
				SWIFT_ACTIVE_COMPILATION_CONDITIONS = "DEBUG $(inherited)";
				SWIFT_OPTIMIZATION_LEVEL = "-Onone";
			};
			name = Debug;
		};
		9784C6232D0D77BD00EFE3B7 /* Release */ = {
			isa = XCBuildConfiguration;
			buildSettings = {
				ALWAYS_SEARCH_USER_PATHS = NO;
				ASSETCATALOG_COMPILER_GENERATE_SWIFT_ASSET_SYMBOL_EXTENSIONS = YES;
				CLANG_ANALYZER_NONNULL = YES;
				CLANG_ANALYZER_NUMBER_OBJECT_CONVERSION = YES_AGGRESSIVE;
				CLANG_CXX_LANGUAGE_STANDARD = "gnu++20";
				CLANG_ENABLE_MODULES = YES;
				CLANG_ENABLE_OBJC_ARC = YES;
				CLANG_ENABLE_OBJC_WEAK = YES;
				CLANG_WARN_BLOCK_CAPTURE_AUTORELEASING = YES;
				CLANG_WARN_BOOL_CONVERSION = YES;
				CLANG_WARN_COMMA = YES;
				CLANG_WARN_CONSTANT_CONVERSION = YES;
				CLANG_WARN_DEPRECATED_OBJC_IMPLEMENTATIONS = YES;
				CLANG_WARN_DIRECT_OBJC_ISA_USAGE = YES_ERROR;
				CLANG_WARN_DOCUMENTATION_COMMENTS = YES;
				CLANG_WARN_EMPTY_BODY = YES;
				CLANG_WARN_ENUM_CONVERSION = YES;
				CLANG_WARN_INFINITE_RECURSION = YES;
				CLANG_WARN_INT_CONVERSION = YES;
				CLANG_WARN_NON_LITERAL_NULL_CONVERSION = YES;
				CLANG_WARN_OBJC_IMPLICIT_RETAIN_SELF = YES;
				CLANG_WARN_OBJC_LITERAL_CONVERSION = YES;
				CLANG_WARN_OBJC_ROOT_CLASS = YES_ERROR;
				CLANG_WARN_QUOTED_INCLUDE_IN_FRAMEWORK_HEADER = YES;
				CLANG_WARN_RANGE_LOOP_ANALYSIS = YES;
				CLANG_WARN_STRICT_PROTOTYPES = YES;
				CLANG_WARN_SUSPICIOUS_MOVE = YES;
				CLANG_WARN_UNGUARDED_AVAILABILITY = YES_AGGRESSIVE;
				CLANG_WARN_UNREACHABLE_CODE = YES;
				CLANG_WARN__DUPLICATE_METHOD_MATCH = YES;
				COPY_PHASE_STRIP = NO;
				DEBUG_INFORMATION_FORMAT = "dwarf-with-dsym";
				ENABLE_NS_ASSERTIONS = NO;
				ENABLE_STRICT_OBJC_MSGSEND = YES;
				ENABLE_USER_SCRIPT_SANDBOXING = YES;
				GCC_C_LANGUAGE_STANDARD = gnu17;
				GCC_NO_COMMON_BLOCKS = YES;
				GCC_WARN_64_TO_32_BIT_CONVERSION = YES;
				GCC_WARN_ABOUT_RETURN_TYPE = YES_ERROR;
				GCC_WARN_UNDECLARED_SELECTOR = YES;
				GCC_WARN_UNINITIALIZED_AUTOS = YES_AGGRESSIVE;
				GCC_WARN_UNUSED_FUNCTION = YES;
				GCC_WARN_UNUSED_VARIABLE = YES;
				IPHONEOS_DEPLOYMENT_TARGET = 18.2;
				LOCALIZATION_PREFERS_STRING_CATALOGS = YES;
				MTL_ENABLE_DEBUG_INFO = NO;
				MTL_FAST_MATH = YES;
				SDKROOT = iphoneos;
				SWIFT_COMPILATION_MODE = wholemodule;
				VALIDATE_PRODUCT = YES;
			};
			name = Release;
		};
		9784C6252D0D77BD00EFE3B7 /* Debug */ = {
			isa = XCBuildConfiguration;
			buildSettings = {
				ASSETCATALOG_COMPILER_APPICON_NAME = AppIcon;
				ASSETCATALOG_COMPILER_GLOBAL_ACCENT_COLOR_NAME = AccentColor;
				CODE_SIGN_STYLE = Automatic;
				CURRENT_PROJECT_VERSION = 1;
				DEVELOPMENT_ASSET_PATHS = "\"iosapptest1/Preview Content\"";
				DEVELOPMENT_TEAM = 8BAX2HMCZ4;
				ENABLE_PREVIEWS = YES;
				GENERATE_INFOPLIST_FILE = YES;
				INFOPLIST_KEY_UIApplicationSceneManifest_Generation = YES;
				INFOPLIST_KEY_UIApplicationSupportsIndirectInputEvents = YES;
				INFOPLIST_KEY_UILaunchScreen_Generation = YES;
				INFOPLIST_KEY_UISupportedInterfaceOrientations_iPad = "UIInterfaceOrientationPortrait UIInterfaceOrientationPortraitUpsideDown UIInterfaceOrientationLandscapeLeft UIInterfaceOrientationLandscapeRight";
				INFOPLIST_KEY_UISupportedInterfaceOrientations_iPhone = "UIInterfaceOrientationPortrait UIInterfaceOrientationLandscapeLeft UIInterfaceOrientationLandscapeRight";
				LD_RUNPATH_SEARCH_PATHS = (
					"$(inherited)",
					"@executable_path/Frameworks",
				);
				MARKETING_VERSION = 1.0;
				PRODUCT_BUNDLE_IDENTIFIER = kezhihao.iosapptest1;
				PRODUCT_NAME = "$(TARGET_NAME)";
				SWIFT_EMIT_LOC_STRINGS = YES;
				SWIFT_VERSION = 5.0;
				TARGETED_DEVICE_FAMILY = "1,2";
			};
			name = Debug;
		};
		9784C6262D0D77BD00EFE3B7 /* Release */ = {
			isa = XCBuildConfiguration;
			buildSettings = {
				ASSETCATALOG_COMPILER_APPICON_NAME = AppIcon;
				ASSETCATALOG_COMPILER_GLOBAL_ACCENT_COLOR_NAME = AccentColor;
				CODE_SIGN_STYLE = Automatic;
				CURRENT_PROJECT_VERSION = 1;
				DEVELOPMENT_ASSET_PATHS = "\"iosapptest1/Preview Content\"";
				DEVELOPMENT_TEAM = 8BAX2HMCZ4;
				ENABLE_PREVIEWS = YES;
				GENERATE_INFOPLIST_FILE = YES;
				INFOPLIST_KEY_UIApplicationSceneManifest_Generation = YES;
				INFOPLIST_KEY_UIApplicationSupportsIndirectInputEvents = YES;
				INFOPLIST_KEY_UILaunchScreen_Generation = YES;
				INFOPLIST_KEY_UISupportedInterfaceOrientations_iPad = "UIInterfaceOrientationPortrait UIInterfaceOrientationPortraitUpsideDown UIInterfaceOrientationLandscapeLeft UIInterfaceOrientationLandscapeRight";
				INFOPLIST_KEY_UISupportedInterfaceOrientations_iPhone = "UIInterfaceOrientationPortrait UIInterfaceOrientationLandscapeLeft UIInterfaceOrientationLandscapeRight";
				LD_RUNPATH_SEARCH_PATHS = (
					"$(inherited)",
					"@executable_path/Frameworks",
				);
				MARKETING_VERSION = 1.0;
				PRODUCT_BUNDLE_IDENTIFIER = kezhihao.iosapptest1;
				PRODUCT_NAME = "$(TARGET_NAME)";
				SWIFT_EMIT_LOC_STRINGS = YES;
				SWIFT_VERSION = 5.0;
				TARGETED_DEVICE_FAMILY = "1,2";
			};
			name = Release;
		};
		9784C6282D0D77BD00EFE3B7 /* Debug */ = {
			isa = XCBuildConfiguration;
			buildSettings = {
				BUNDLE_LOADER = "$(TEST_HOST)";
				CODE_SIGN_STYLE = Automatic;
				CURRENT_PROJECT_VERSION = 1;
				GENERATE_INFOPLIST_FILE = YES;
				IPHONEOS_DEPLOYMENT_TARGET = 18.2;
				MARKETING_VERSION = 1.0;
				PRODUCT_BUNDLE_IDENTIFIER = kezhihao.iosapptest1Tests;
				PRODUCT_NAME = "$(TARGET_NAME)";
				SWIFT_EMIT_LOC_STRINGS = NO;
				SWIFT_VERSION = 5.0;
				TARGETED_DEVICE_FAMILY = "1,2";
				TEST_HOST = "$(BUILT_PRODUCTS_DIR)/iosapptest1.app/$(BUNDLE_EXECUTABLE_FOLDER_PATH)/iosapptest1";
			};
			name = Debug;
		};
		9784C6292D0D77BD00EFE3B7 /* Release */ = {
			isa = XCBuildConfiguration;
			buildSettings = {
				BUNDLE_LOADER = "$(TEST_HOST)";
				CODE_SIGN_STYLE = Automatic;
				CURRENT_PROJECT_VERSION = 1;
				GENERATE_INFOPLIST_FILE = YES;
				IPHONEOS_DEPLOYMENT_TARGET = 18.2;
				MARKETING_VERSION = 1.0;
				PRODUCT_BUNDLE_IDENTIFIER = kezhihao.iosapptest1Tests;
				PRODUCT_NAME = "$(TARGET_NAME)";
				SWIFT_EMIT_LOC_STRINGS = NO;
				SWIFT_VERSION = 5.0;
				TARGETED_DEVICE_FAMILY = "1,2";
				TEST_HOST = "$(BUILT_PRODUCTS_DIR)/iosapptest1.app/$(BUNDLE_EXECUTABLE_FOLDER_PATH)/iosapptest1";
			};
			name = Release;
		};
		9784C62B2D0D77BD00EFE3B7 /* Debug */ = {
			isa = XCBuildConfiguration;
			buildSettings = {
				CODE_SIGN_STYLE = Automatic;
				CURRENT_PROJECT_VERSION = 1;
				GENERATE_INFOPLIST_FILE = YES;
				MARKETING_VERSION = 1.0;
				PRODUCT_BUNDLE_IDENTIFIER = kezhihao.iosapptest1UITests;
				PRODUCT_NAME = "$(TARGET_NAME)";
				SWIFT_EMIT_LOC_STRINGS = NO;
				SWIFT_VERSION = 5.0;
				TARGETED_DEVICE_FAMILY = "1,2";
				TEST_TARGET_NAME = iosapptest1;
			};
			name = Debug;
		};
		9784C62C2D0D77BD00EFE3B7 /* Release */ = {
			isa = XCBuildConfiguration;
			buildSettings = {
				CODE_SIGN_STYLE = Automatic;
				CURRENT_PROJECT_VERSION = 1;
				GENERATE_INFOPLIST_FILE = YES;
				MARKETING_VERSION = 1.0;
				PRODUCT_BUNDLE_IDENTIFIER = kezhihao.iosapptest1UITests;
				PRODUCT_NAME = "$(TARGET_NAME)";
				SWIFT_EMIT_LOC_STRINGS = NO;
				SWIFT_VERSION = 5.0;
				TARGETED_DEVICE_FAMILY = "1,2";
				TEST_TARGET_NAME = iosapptest1;
			};
			name = Release;
		};
/* End XCBuildConfiguration section */

/* Begin XCConfigurationList section */
		9784C5FB2D0D77BB00EFE3B7 /* Build configuration list for PBXProject "iosapptest1" */ = {
			isa = XCConfigurationList;
			buildConfigurations = (
				9784C6222D0D77BD00EFE3B7 /* Debug */,
				9784C6232D0D77BD00EFE3B7 /* Release */,
			);
			defaultConfigurationIsVisible = 0;
			defaultConfigurationName = Release;
		};
		9784C6242D0D77BD00EFE3B7 /* Build configuration list for PBXNativeTarget "iosapptest1" */ = {
			isa = XCConfigurationList;
			buildConfigurations = (
				9784C6252D0D77BD00EFE3B7 /* Debug */,
				9784C6262D0D77BD00EFE3B7 /* Release */,
			);
			defaultConfigurationIsVisible = 0;
			defaultConfigurationName = Release;
		};
		9784C6272D0D77BD00EFE3B7 /* Build configuration list for PBXNativeTarget "iosapptest1Tests" */ = {
			isa = XCConfigurationList;
			buildConfigurations = (
				9784C6282D0D77BD00EFE3B7 /* Debug */,
				9784C6292D0D77BD00EFE3B7 /* Release */,
			);
			defaultConfigurationIsVisible = 0;
			defaultConfigurationName = Release;
		};
		9784C62A2D0D77BD00EFE3B7 /* Build configuration list for PBXNativeTarget "iosapptest1UITests" */ = {
			isa = XCConfigurationList;
			buildConfigurations = (
				9784C62B2D0D77BD00EFE3B7 /* Debug */,
				9784C62C2D0D77BD00EFE3B7 /* Release */,
			);
			defaultConfigurationIsVisible = 0;
			defaultConfigurationName = Release;
		};
/* End XCConfigurationList section */
	};
	rootObject = 9784C5F82D0D77BB00EFE3B7 /* Project object */;
}
