// !$*UTF8*$!
{
	archiveVersion = 1;
	classes = {
	};
	objectVersion = 77;
	objects = {

/* Begin PBXBuildFile section */
		0EE7F61D5DA19FF62E9E55BF /* Assets.xcassets in Resources */ = {isa = PBXBuildFile; fileRef = 7B45C7ECE7EC9EC5AD70FCE9 /* Assets.xcassets */; };
		5ED087871149D5CDD44F681F /* AddSnippetView.swift in Sources */ = {isa = PBXBuildFile; fileRef = 6005755CB36FD1A70FCA3F80 /* AddSnippetView.swift */; };
		6E6AE761FEF7CC4A1D819306 /* SnippetListView.swift in Sources */ = {isa = PBXBuildFile; fileRef = 76E12695F137D70E9F2645E2 /* SnippetListView.swift */; };
		967E6E54D64766D0281781BC /* QuickClipApp.swift in Sources */ = {isa = PBXBuildFile; fileRef = 870E39483CFF135E3516F0D2 /* QuickClipApp.swift */; };
		9C2B369A739EEAC090D6FC8E /* ContentView.swift in Sources */ = {isa = PBXBuildFile; fileRef = 85710E81166F7D5C058236DD /* ContentView.swift */; };
		DCAFD6BEBC93C01AB2437E11 /* Snippet.swift in Sources */ = {isa = PBXBuildFile; fileRef = A2341BC1049E25CD4DCFFD73 /* Snippet.swift */; };
/* End PBXBuildFile section */

/* Begin PBXFileReference section */
		185986C9419F7DB86224445F /* Info.plist */ = {isa = PBXFileReference; lastKnownFileType = text.plist; path = Info.plist; sourceTree = "<group>"; };
		6005755CB36FD1A70FCA3F80 /* AddSnippetView.swift */ = {isa = PBXFileReference; lastKnownFileType = sourcecode.swift; path = AddSnippetView.swift; sourceTree = "<group>"; };
		62E92B4352B50F46245B67DC /* QuickClip.app */ = {isa = PBXFileReference; includeInIndex = 0; lastKnownFileType = wrapper.application; path = QuickClip.app; sourceTree = BUILT_PRODUCTS_DIR; };
		76E12695F137D70E9F2645E2 /* SnippetListView.swift */ = {isa = PBXFileReference; lastKnownFileType = sourcecode.swift; path = SnippetListView.swift; sourceTree = "<group>"; };
		7B45C7ECE7EC9EC5AD70FCE9 /* Assets.xcassets */ = {isa = PBXFileReference; lastKnownFileType = folder.assetcatalog; path = Assets.xcassets; sourceTree = "<group>"; };
		85710E81166F7D5C058236DD /* ContentView.swift */ = {isa = PBXFileReference; lastKnownFileType = sourcecode.swift; path = ContentView.swift; sourceTree = "<group>"; };
		870E39483CFF135E3516F0D2 /* QuickClipApp.swift */ = {isa = PBXFileReference; lastKnownFileType = sourcecode.swift; path = QuickClipApp.swift; sourceTree = "<group>"; };
		A2341BC1049E25CD4DCFFD73 /* Snippet.swift */ = {isa = PBXFileReference; lastKnownFileType = sourcecode.swift; path = Snippet.swift; sourceTree = "<group>"; };
/* End PBXFileReference section */

/* Begin PBXGroup section */
		1239C7377AA790E26279218D /* Views */ = {
			isa = PBXGroup;
			children = (
				6005755CB36FD1A70FCA3F80 /* AddSnippetView.swift */,
				85710E81166F7D5C058236DD /* ContentView.swift */,
				76E12695F137D70E9F2645E2 /* SnippetListView.swift */,
			);
			path = Views;
			sourceTree = "<group>";
		};
		638CF2D4389FEE67E6326AFB /* Products */ = {
			isa = PBXGroup;
			children = (
				62E92B4352B50F46245B67DC /* QuickClip.app */,
			);
			name = Products;
			sourceTree = "<group>";
		};
		6C7F0500C00908C4253C5657 = {
			isa = PBXGroup;
			children = (
				CE4B8966D6D22ED65B298984 /* Resources */,
				E978B9BDF1C70ACF9DBA967B /* Sources */,
				638CF2D4389FEE67E6326AFB /* Products */,
			);
			sourceTree = "<group>";
		};
		C45B5C02228ABB4F0FDA8384 /* Models */ = {
			isa = PBXGroup;
			children = (
				A2341BC1049E25CD4DCFFD73 /* Snippet.swift */,
			);
			path = Models;
			sourceTree = "<group>";
		};
		CE4B8966D6D22ED65B298984 /* Resources */ = {
			isa = PBXGroup;
			children = (
				7B45C7ECE7EC9EC5AD70FCE9 /* Assets.xcassets */,
				185986C9419F7DB86224445F /* Info.plist */,
			);
			path = Resources;
			sourceTree = "<group>";
		};
		E978B9BDF1C70ACF9DBA967B /* Sources */ = {
			isa = PBXGroup;
			children = (
				870E39483CFF135E3516F0D2 /* QuickClipApp.swift */,
				C45B5C02228ABB4F0FDA8384 /* Models */,
				1239C7377AA790E26279218D /* Views */,
			);
			path = Sources;
			sourceTree = "<group>";
		};
/* End PBXGroup section */

/* Begin PBXNativeTarget section */
		1807EE35438D548C8FF262EE /* QuickClip */ = {
			isa = PBXNativeTarget;
			buildConfigurationList = DA3345FC14B9B29DD64ED093 /* Build configuration list for PBXNativeTarget "QuickClip" */;
			buildPhases = (
				47C7E240211B727B68A6B408 /* Sources */,
				4BD7F82B6006ED37185F0795 /* Resources */,
			);
			buildRules = (
			);
			dependencies = (
			);
			name = QuickClip;
			packageProductDependencies = (
			);
			productName = QuickClip;
			productReference = 62E92B4352B50F46245B67DC /* QuickClip.app */;
			productType = "com.apple.product-type.application";
		};
/* End PBXNativeTarget section */

/* Begin PBXProject section */
		74D10648E88896DB7F5DB897 /* Project object */ = {
			isa = PBXProject;
			attributes = {
				BuildIndependentTargetsInParallel = YES;
				LastUpgradeCheck = 1500;
				TargetAttributes = {
					1807EE35438D548C8FF262EE = {
						DevelopmentTeam = "";
						ProvisioningStyle = Automatic;
					};
				};
			};
			buildConfigurationList = 257D027C794AB803CB7B8D31 /* Build configuration list for PBXProject "QuickClip" */;
			developmentRegion = en;
			hasScannedForEncodings = 0;
			knownRegions = (
				Base,
				en,
			);
			mainGroup = 6C7F0500C00908C4253C5657;
			minimizedProjectReferenceProxies = 1;
			preferredProjectObjectVersion = 77;
			productRefGroup = 638CF2D4389FEE67E6326AFB /* Products */;
			projectDirPath = "";
			projectRoot = "";
			targets = (
				1807EE35438D548C8FF262EE /* QuickClip */,
			);
		};
/* End PBXProject section */

/* Begin PBXResourcesBuildPhase section */
		4BD7F82B6006ED37185F0795 /* Resources */ = {
			isa = PBXResourcesBuildPhase;
			buildActionMask = 2147483647;
			files = (
				0EE7F61D5DA19FF62E9E55BF /* Assets.xcassets in Resources */,
			);
			runOnlyForDeploymentPostprocessing = 0;
		};
/* End PBXResourcesBuildPhase section */

/* Begin PBXSourcesBuildPhase section */
		47C7E240211B727B68A6B408 /* Sources */ = {
			isa = PBXSourcesBuildPhase;
			buildActionMask = 2147483647;
			files = (
				5ED087871149D5CDD44F681F /* AddSnippetView.swift in Sources */,
				9C2B369A739EEAC090D6FC8E /* ContentView.swift in Sources */,
				967E6E54D64766D0281781BC /* QuickClipApp.swift in Sources */,
				DCAFD6BEBC93C01AB2437E11 /* Snippet.swift in Sources */,
				6E6AE761FEF7CC4A1D819306 /* SnippetListView.swift in Sources */,
			);
			runOnlyForDeploymentPostprocessing = 0;
		};
/* End PBXSourcesBuildPhase section */

/* Begin XCBuildConfiguration section */
		10487EE455AA523DA5EF4ED8 /* Debug */ = {
			isa = XCBuildConfiguration;
			buildSettings = {
				ALWAYS_SEARCH_USER_PATHS = NO;
				CLANG_ANALYZER_NONNULL = YES;
				CLANG_ANALYZER_NUMBER_OBJECT_CONVERSION = YES_AGGRESSIVE;
				CLANG_CXX_LANGUAGE_STANDARD = "gnu++14";
				CLANG_CXX_LIBRARY = "libc++";
				CLANG_ENABLE_MODULES = YES;
				CLANG_ENABLE_OBJC_ARC = YES;
				CLANG_ENABLE_OBJC_WEAK = YES;
				CLANG_WARN_BLOCK_CAPTURE_AUTORELEASING = YES;
				CLANG_WARN_BOOL_CONVERSION = YES;
				CLANG_WARN_COMMA = YES;
				CLANG_WARN_CONSTANT_CONVERSION = YES;
				CLANG_WARN_DEPRECATED_OBJC_IMPLEMENTATIONS = YES;
				CLANG_WARN_DIRECT_OBJC_ISA_USAGE = YES_ERROR;
				CLANG_WARN_DOCUMENTATION_COMMENTS = YES;
				CLANG_WARN_EMPTY_BODY = YES;
				CLANG_WARN_ENUM_CONVERSION = YES;
				CLANG_WARN_INFINITE_RECURSION = YES;
				CLANG_WARN_INT_CONVERSION = YES;
				CLANG_WARN_NON_LITERAL_NULL_CONVERSION = YES;
				CLANG_WARN_OBJC_IMPLICIT_RETAIN_SELF = YES;
				CLANG_WARN_OBJC_LITERAL_CONVERSION = YES;
				CLANG_WARN_OBJC_ROOT_CLASS = YES_ERROR;
				CLANG_WARN_QUOTED_INCLUDE_IN_FRAMEWORK_HEADER = YES;
				CLANG_WARN_RANGE_LOOP_ANALYSIS = YES;
				CLANG_WARN_STRICT_PROTOTYPES = YES;
				CLANG_WARN_SUSPICIOUS_MOVE = YES;
				CLANG_WARN_UNGUARDED_AVAILABILITY = YES_AGGRESSIVE;
				CLANG_WARN_UNREACHABLE_CODE = YES;
				CLANG_WARN__DUPLICATE_METHOD_MATCH = YES;
				CODE_SIGN_STYLE = Automatic;
				COPY_PHASE_STRIP = NO;
				CURRENT_PROJECT_VERSION = 1;
				DEBUG_INFORMATION_FORMAT = dwarf;
				DEVELOPMENT_TEAM = "";
				ENABLE_STRICT_OBJC_MSGSEND = YES;
				ENABLE_TESTABILITY = YES;
				GCC_C_LANGUAGE_STANDARD = gnu11;
				GCC_DYNAMIC_NO_PIC = NO;
				GCC_NO_COMMON_BLOCKS = YES;
				GCC_OPTIMIZATION_LEVEL = 0;
				GCC_PREPROCESSOR_DEFINITIONS = (
					"$(inherited)",
					"DEBUG=1",
				);
				GCC_WARN_64_TO_32_BIT_CONVERSION = YES;
				GCC_WARN_ABOUT_RETURN_TYPE = YES_ERROR;
				GCC_WARN_UNDECLARED_SELECTOR = YES;
				GCC_WARN_UNINITIALIZED_AUTOS = YES_AGGRESSIVE;
				GCC_WARN_UNUSED_FUNCTION = YES;
				GCC_WARN_UNUSED_VARIABLE = YES;
				IPHONEOS_DEPLOYMENT_TARGET = 16.0;
				MARKETING_VERSION = 1.0.0;
				MTL_ENABLE_DEBUG_INFO = INCLUDE_SOURCE;
				MTL_FAST_MATH = YES;
				ONLY_ACTIVE_ARCH = YES;
				PRODUCT_NAME = "$(TARGET_NAME)";
				SDKROOT = iphoneos;
				SWIFT_ACTIVE_COMPILATION_CONDITIONS = DEBUG;
				SWIFT_OPTIMIZATION_LEVEL = "-Onone";
				SWIFT_VERSION = 5.9;
			};
			name = Debug;
		};
		10E5CB484B6010711B9B95D1 /* Release */ = {
			isa = XCBuildConfiguration;
			buildSettings = {
				ALWAYS_SEARCH_USER_PATHS = NO;
				CLANG_ANALYZER_NONNULL = YES;
				CLANG_ANALYZER_NUMBER_OBJECT_CONVERSION = YES_AGGRESSIVE;
				CLANG_CXX_LANGUAGE_STANDARD = "gnu++14";
				CLANG_CXX_LIBRARY = "libc++";
				CLANG_ENABLE_MODULES = YES;
				CLANG_ENABLE_OBJC_ARC = YES;
				CLANG_ENABLE_OBJC_WEAK = YES;
				CLANG_WARN_BLOCK_CAPTURE_AUTORELEASING = YES;
				CLANG_WARN_BOOL_CONVERSION = YES;
				CLANG_WARN_COMMA = YES;
				CLANG_WARN_CONSTANT_CONVERSION = YES;
				CLANG_WARN_DEPRECATED_OBJC_IMPLEMENTATIONS = YES;
				CLANG_WARN_DIRECT_OBJC_ISA_USAGE = YES_ERROR;
				CLANG_WARN_DOCUMENTATION_COMMENTS = YES;
				CLANG_WARN_EMPTY_BODY = YES;
				CLANG_WARN_ENUM_CONVERSION = YES;
				CLANG_WARN_INFINITE_RECURSION = YES;
				CLANG_WARN_INT_CONVERSION = YES;
				CLANG_WARN_NON_LITERAL_NULL_CONVERSION = YES;
				CLANG_WARN_OBJC_IMPLICIT_RETAIN_SELF = YES;
				CLANG_WARN_OBJC_LITERAL_CONVERSION = YES;
				CLANG_WARN_OBJC_ROOT_CLASS = YES_ERROR;
				CLANG_WARN_QUOTED_INCLUDE_IN_FRAMEWORK_HEADER = YES;
				CLANG_WARN_RANGE_LOOP_ANALYSIS = YES;
				CLANG_WARN_STRICT_PROTOTYPES = YES;
				CLANG_WARN_SUSPICIOUS_MOVE = YES;
				CLANG_WARN_UNGUARDED_AVAILABILITY = YES_AGGRESSIVE;
				CLANG_WARN_UNREACHABLE_CODE = YES;
				CLANG_WARN__DUPLICATE_METHOD_MATCH = YES;
				CODE_SIGN_STYLE = Automatic;
				COPY_PHASE_STRIP = NO;
				CURRENT_PROJECT_VERSION = 1;
				DEBUG_INFORMATION_FORMAT = "dwarf-with-dsym";
				DEVELOPMENT_TEAM = "";
				ENABLE_NS_ASSERTIONS = NO;
				ENABLE_STRICT_OBJC_MSGSEND = YES;
				GCC_C_LANGUAGE_STANDARD = gnu11;
				GCC_NO_COMMON_BLOCKS = YES;
				GCC_WARN_64_TO_32_BIT_CONVERSION = YES;
				GCC_WARN_ABOUT_RETURN_TYPE = YES_ERROR;
				GCC_WARN_UNDECLARED_SELECTOR = YES;
				GCC_WARN_UNINITIALIZED_AUTOS = YES_AGGRESSIVE;
				GCC_WARN_UNUSED_FUNCTION = YES;
				GCC_WARN_UNUSED_VARIABLE = YES;
				IPHONEOS_DEPLOYMENT_TARGET = 16.0;
				MARKETING_VERSION = 1.0.0;
				MTL_ENABLE_DEBUG_INFO = NO;
				MTL_FAST_MATH = YES;
				PRODUCT_NAME = "$(TARGET_NAME)";
				SDKROOT = iphoneos;
				SWIFT_COMPILATION_MODE = wholemodule;
				SWIFT_OPTIMIZATION_LEVEL = "-O";
				SWIFT_VERSION = 5.9;
			};
			name = Release;
		};
		61FA7C14CE489C5864E75632 /* Debug */ = {
			isa = XCBuildConfiguration;
			buildSettings = {
				ASSETCATALOG_COMPILER_APPICON_NAME = AppIcon;
				ASSETCATALOG_COMPILER_GLOBAL_ACCENT_COLOR_NAME = AccentColor;
				CODE_SIGN_IDENTITY = "iPhone Developer";
				INFOPLIST_FILE = Resources/Info.plist;
				IPHONEOS_DEPLOYMENT_TARGET = 16.0;
				LD_RUNPATH_SEARCH_PATHS = (
					"$(inherited)",
					"@executable_path/Frameworks",
				);
				PRODUCT_BUNDLE_IDENTIFIER = com.autocompany.quickclip;
				SDKROOT = iphoneos;
				SUPPORTS_MAC_DESIGNED_FOR_IPHONE_IPAD = YES;
				TARGETED_DEVICE_FAMILY = "1,2";
			};
			name = Debug;
		};
		6B2523A85DD88BF5D0E8FC85 /* Release */ = {
			isa = XCBuildConfiguration;
			buildSettings = {
				ASSETCATALOG_COMPILER_APPICON_NAME = AppIcon;
				ASSETCATALOG_COMPILER_GLOBAL_ACCENT_COLOR_NAME = AccentColor;
				CODE_SIGN_IDENTITY = "iPhone Developer";
				INFOPLIST_FILE = Resources/Info.plist;
				IPHONEOS_DEPLOYMENT_TARGET = 16.0;
				LD_RUNPATH_SEARCH_PATHS = (
					"$(inherited)",
					"@executable_path/Frameworks",
				);
				PRODUCT_BUNDLE_IDENTIFIER = com.autocompany.quickclip;
				SDKROOT = iphoneos;
				SUPPORTS_MAC_DESIGNED_FOR_IPHONE_IPAD = YES;
				TARGETED_DEVICE_FAMILY = "1,2";
			};
			name = Release;
		};
/* End XCBuildConfiguration section */

/* Begin XCConfigurationList section */
		257D027C794AB803CB7B8D31 /* Build configuration list for PBXProject "QuickClip" */ = {
			isa = XCConfigurationList;
			buildConfigurations = (
				10487EE455AA523DA5EF4ED8 /* Debug */,
				10E5CB484B6010711B9B95D1 /* Release */,
			);
			defaultConfigurationIsVisible = 0;
			defaultConfigurationName = Debug;
		};
		DA3345FC14B9B29DD64ED093 /* Build configuration list for PBXNativeTarget "QuickClip" */ = {
			isa = XCConfigurationList;
			buildConfigurations = (
				61FA7C14CE489C5864E75632 /* Debug */,
				6B2523A85DD88BF5D0E8FC85 /* Release */,
			);
			defaultConfigurationIsVisible = 0;
			defaultConfigurationName = Debug;
		};
/* End XCConfigurationList section */
	};
	rootObject = 74D10648E88896DB7F5DB897 /* Project object */;
}
